// !$*UTF8*$!
{
	archiveVersion = 1;
	classes = {
	};
	objectVersion = 46;
	objects = {

/* Begin PBXBuildFile section */
		632AD4881807172F005D01A3 /* OptionsViewController.m in Sources */ = {isa = PBXBuildFile; fileRef = 632AD4871807172F005D01A3 /* OptionsViewController.m */; };
		639E15121805E5E600835819 /* Foundation.framework in Frameworks */ = {isa = PBXBuildFile; fileRef = 639E15111805E5E600835819 /* Foundation.framework */; };
		639E15141805E5E600835819 /* CoreGraphics.framework in Frameworks */ = {isa = PBXBuildFile; fileRef = 639E15131805E5E600835819 /* CoreGraphics.framework */; };
		639E15161805E5E600835819 /* UIKit.framework in Frameworks */ = {isa = PBXBuildFile; fileRef = 639E15151805E5E600835819 /* UIKit.framework */; };
		639E151C1805E5E600835819 /* InfoPlist.strings in Resources */ = {isa = PBXBuildFile; fileRef = 639E151A1805E5E600835819 /* InfoPlist.strings */; };
		639E151E1805E5E600835819 /* main.m in Sources */ = {isa = PBXBuildFile; fileRef = 639E151D1805E5E600835819 /* main.m */; };
		639E15221805E5E600835819 /* AppDelegate.m in Sources */ = {isa = PBXBuildFile; fileRef = 639E15211805E5E600835819 /* AppDelegate.m */; };
		639E15251805E5E600835819 /* Main.storyboard in Resources */ = {isa = PBXBuildFile; fileRef = 639E15231805E5E600835819 /* Main.storyboard */; };
		639E152A1805E5E600835819 /* Images.xcassets in Resources */ = {isa = PBXBuildFile; fileRef = 639E15291805E5E600835819 /* Images.xcassets */; };
		639E15311805E5E600835819 /* XCTest.framework in Frameworks */ = {isa = PBXBuildFile; fileRef = 639E15301805E5E600835819 /* XCTest.framework */; };
		639E15321805E5E600835819 /* Foundation.framework in Frameworks */ = {isa = PBXBuildFile; fileRef = 639E15111805E5E600835819 /* Foundation.framework */; };
		639E15331805E5E600835819 /* UIKit.framework in Frameworks */ = {isa = PBXBuildFile; fileRef = 639E15151805E5E600835819 /* UIKit.framework */; };
		639E153B1805E5E600835819 /* InfoPlist.strings in Resources */ = {isa = PBXBuildFile; fileRef = 639E15391805E5E600835819 /* InfoPlist.strings */; };
		639E153D1805E5E600835819 /* MNutritionTests.m in Sources */ = {isa = PBXBuildFile; fileRef = 639E153C1805E5E600835819 /* MNutritionTests.m */; };
		639E15491805E95D00835819 /* DiningMenuViewController.m in Sources */ = {isa = PBXBuildFile; fileRef = 639E15481805E95D00835819 /* DiningMenuViewController.m */; };
		63A23272180888E500353A6C /* DQNavigationBarLabel.m in Sources */ = {isa = PBXBuildFile; fileRef = 63A23271180888E500353A6C /* DQNavigationBarLabel.m */; };
		63A2327D18089DC800353A6C /* NSDate+Increment.m in Sources */ = {isa = PBXBuildFile; fileRef = 63A2327C18089DC800353A6C /* NSDate+Increment.m */; };
		63C6D728180921450012ABFF /* libMMeals.a in Frameworks */ = {isa = PBXBuildFile; fileRef = 63A232851808AF4C00353A6C /* libMMeals.a */; };
		63C6D72D1809A80E0012ABFF /* CoreLocation.framework in Frameworks */ = {isa = PBXBuildFile; fileRef = 63C6D72C1809A80E0012ABFF /* CoreLocation.framework */; };
		63C6D738180A447E0012ABFF /* CompositeNutritionObject.m in Sources */ = {isa = PBXBuildFile; fileRef = 63C6D737180A447E0012ABFF /* CompositeNutritionObject.m */; };
		63C6D73B180A59BA0012ABFF /* UIView+SafeScreenshot.m in Sources */ = {isa = PBXBuildFile; fileRef = 63C6D73A180A59BA0012ABFF /* UIView+SafeScreenshot.m */; };
		63E842F81807BAB300EE8F32 /* MenuItemDetailViewController.m in Sources */ = {isa = PBXBuildFile; fileRef = 63E842F71807BAB300EE8F32 /* MenuItemDetailViewController.m */; };
		63E842FE1807C4AF00EE8F32 /* DQNutritionView.m in Sources */ = {isa = PBXBuildFile; fileRef = 63E842FD1807C4AF00EE8F32 /* DQNutritionView.m */; };
		63E84301180860CA00EE8F32 /* MealNutritionViewController.m in Sources */ = {isa = PBXBuildFile; fileRef = 63E84300180860CA00EE8F32 /* MealNutritionViewController.m */; };
/* End PBXBuildFile section */

/* Begin PBXContainerItemProxy section */
		639E15341805E5E600835819 /* PBXContainerItemProxy */ = {
			isa = PBXContainerItemProxy;
			containerPortal = 639E15061805E5E600835819 /* Project object */;
			proxyType = 1;
			remoteGlobalIDString = 639E150D1805E5E600835819;
			remoteInfo = MNutrition;
		};
		63A232841808AF4C00353A6C /* PBXContainerItemProxy */ = {
			isa = PBXContainerItemProxy;
			containerPortal = 63A2327F1808AF4C00353A6C /* MMeals.xcodeproj */;
			proxyType = 2;
			remoteGlobalIDString = 635FA88218024F9C00AF4226;
			remoteInfo = MMeals;
		};
		63A232861808AF4C00353A6C /* PBXContainerItemProxy */ = {
			isa = PBXContainerItemProxy;
			containerPortal = 63A2327F1808AF4C00353A6C /* MMeals.xcodeproj */;
			proxyType = 2;
			remoteGlobalIDString = 635FA89218024F9D00AF4226;
			remoteInfo = MMealsTests;
		};
/* End PBXContainerItemProxy section */

/* Begin PBXFileReference section */
		632AD4861807172F005D01A3 /* OptionsViewController.h */ = {isa = PBXFileReference; fileEncoding = 4; lastKnownFileType = sourcecode.c.h; name = OptionsViewController.h; path = ViewControllers/OptionsViewController.h; sourceTree = "<group>"; };
		632AD4871807172F005D01A3 /* OptionsViewController.m */ = {isa = PBXFileReference; fileEncoding = 4; lastKnownFileType = sourcecode.c.objc; name = OptionsViewController.m; path = ViewControllers/OptionsViewController.m; sourceTree = "<group>"; };
		639E150E1805E5E600835819 /* MNutrition.app */ = {isa = PBXFileReference; explicitFileType = wrapper.application; includeInIndex = 0; path = MNutrition.app; sourceTree = BUILT_PRODUCTS_DIR; };
		639E15111805E5E600835819 /* Foundation.framework */ = {isa = PBXFileReference; lastKnownFileType = wrapper.framework; name = Foundation.framework; path = System/Library/Frameworks/Foundation.framework; sourceTree = SDKROOT; };
		639E15131805E5E600835819 /* CoreGraphics.framework */ = {isa = PBXFileReference; lastKnownFileType = wrapper.framework; name = CoreGraphics.framework; path = System/Library/Frameworks/CoreGraphics.framework; sourceTree = SDKROOT; };
		639E15151805E5E600835819 /* UIKit.framework */ = {isa = PBXFileReference; lastKnownFileType = wrapper.framework; name = UIKit.framework; path = System/Library/Frameworks/UIKit.framework; sourceTree = SDKROOT; };
		639E15191805E5E600835819 /* MNutrition-Info.plist */ = {isa = PBXFileReference; lastKnownFileType = text.plist.xml; path = "MNutrition-Info.plist"; sourceTree = "<group>"; };
		639E151B1805E5E600835819 /* en */ = {isa = PBXFileReference; lastKnownFileType = text.plist.strings; name = en; path = en.lproj/InfoPlist.strings; sourceTree = "<group>"; };
		639E151D1805E5E600835819 /* main.m */ = {isa = PBXFileReference; lastKnownFileType = sourcecode.c.objc; path = main.m; sourceTree = "<group>"; };
		639E151F1805E5E600835819 /* MNutrition-Prefix.pch */ = {isa = PBXFileReference; lastKnownFileType = sourcecode.c.h; path = "MNutrition-Prefix.pch"; sourceTree = "<group>"; };
		639E15201805E5E600835819 /* AppDelegate.h */ = {isa = PBXFileReference; lastKnownFileType = sourcecode.c.h; path = AppDelegate.h; sourceTree = "<group>"; };
		639E15211805E5E600835819 /* AppDelegate.m */ = {isa = PBXFileReference; lastKnownFileType = sourcecode.c.objc; path = AppDelegate.m; sourceTree = "<group>"; };
		639E15241805E5E600835819 /* Base */ = {isa = PBXFileReference; lastKnownFileType = file.storyboard; name = Base; path = Base.lproj/Main.storyboard; sourceTree = "<group>"; };
		639E15291805E5E600835819 /* Images.xcassets */ = {isa = PBXFileReference; lastKnownFileType = folder.assetcatalog; path = Images.xcassets; sourceTree = "<group>"; };
		639E152F1805E5E600835819 /* MNutritionTests.xctest */ = {isa = PBXFileReference; explicitFileType = wrapper.cfbundle; includeInIndex = 0; path = MNutritionTests.xctest; sourceTree = BUILT_PRODUCTS_DIR; };
		639E15301805E5E600835819 /* XCTest.framework */ = {isa = PBXFileReference; lastKnownFileType = wrapper.framework; name = XCTest.framework; path = Library/Frameworks/XCTest.framework; sourceTree = DEVELOPER_DIR; };
		639E15381805E5E600835819 /* MNutritionTests-Info.plist */ = {isa = PBXFileReference; lastKnownFileType = text.plist.xml; path = "MNutritionTests-Info.plist"; sourceTree = "<group>"; };
		639E153A1805E5E600835819 /* en */ = {isa = PBXFileReference; lastKnownFileType = text.plist.strings; name = en; path = en.lproj/InfoPlist.strings; sourceTree = "<group>"; };
		639E153C1805E5E600835819 /* MNutritionTests.m */ = {isa = PBXFileReference; lastKnownFileType = sourcecode.c.objc; path = MNutritionTests.m; sourceTree = "<group>"; };
		639E15471805E95D00835819 /* DiningMenuViewController.h */ = {isa = PBXFileReference; fileEncoding = 4; lastKnownFileType = sourcecode.c.h; name = DiningMenuViewController.h; path = ViewControllers/DiningMenuViewController.h; sourceTree = "<group>"; };
		639E15481805E95D00835819 /* DiningMenuViewController.m */ = {isa = PBXFileReference; fileEncoding = 4; lastKnownFileType = sourcecode.c.objc; name = DiningMenuViewController.m; path = ViewControllers/DiningMenuViewController.m; sourceTree = "<group>"; };
		63A23270180888E500353A6C /* DQNavigationBarLabel.h */ = {isa = PBXFileReference; fileEncoding = 4; lastKnownFileType = sourcecode.c.h; name = DQNavigationBarLabel.h; path = Views/DQNavigationBarLabel.h; sourceTree = "<group>"; };
		63A23271180888E500353A6C /* DQNavigationBarLabel.m */ = {isa = PBXFileReference; fileEncoding = 4; lastKnownFileType = sourcecode.c.objc; name = DQNavigationBarLabel.m; path = Views/DQNavigationBarLabel.m; sourceTree = "<group>"; };
		63A2327B18089DC800353A6C /* NSDate+Increment.h */ = {isa = PBXFileReference; fileEncoding = 4; lastKnownFileType = sourcecode.c.h; name = "NSDate+Increment.h"; path = "Categories/NSDate+Increment.h"; sourceTree = "<group>"; };
		63A2327C18089DC800353A6C /* NSDate+Increment.m */ = {isa = PBXFileReference; fileEncoding = 4; lastKnownFileType = sourcecode.c.objc; name = "NSDate+Increment.m"; path = "Categories/NSDate+Increment.m"; sourceTree = "<group>"; };
		63A2327F1808AF4C00353A6C /* MMeals.xcodeproj */ = {isa = PBXFileReference; lastKnownFileType = "wrapper.pb-project"; name = MMeals.xcodeproj; path = MMeals/MMeals.xcodeproj; sourceTree = "<group>"; };
		63C6D72C1809A80E0012ABFF /* CoreLocation.framework */ = {isa = PBXFileReference; lastKnownFileType = wrapper.framework; name = CoreLocation.framework; path = System/Library/Frameworks/CoreLocation.framework; sourceTree = SDKROOT; };
		63C6D734180A44290012ABFF /* DQNutritionObject.h */ = {isa = PBXFileReference; lastKnownFileType = sourcecode.c.h; name = DQNutritionObject.h; path = Protocols/DQNutritionObject.h; sourceTree = "<group>"; };
		63C6D736180A447E0012ABFF /* CompositeNutritionObject.h */ = {isa = PBXFileReference; fileEncoding = 4; lastKnownFileType = sourcecode.c.h; name = CompositeNutritionObject.h; path = Classes/CompositeNutritionObject.h; sourceTree = "<group>"; };
		63C6D737180A447E0012ABFF /* CompositeNutritionObject.m */ = {isa = PBXFileReference; fileEncoding = 4; lastKnownFileType = sourcecode.c.objc; name = CompositeNutritionObject.m; path = Classes/CompositeNutritionObject.m; sourceTree = "<group>"; };
		63C6D739180A59BA0012ABFF /* UIView+SafeScreenshot.h */ = {isa = PBXFileReference; fileEncoding = 4; lastKnownFileType = sourcecode.c.h; name = "UIView+SafeScreenshot.h"; path = "Categories/UIView+SafeScreenshot.h"; sourceTree = "<group>"; };
		63C6D73A180A59BA0012ABFF /* UIView+SafeScreenshot.m */ = {isa = PBXFileReference; fileEncoding = 4; lastKnownFileType = sourcecode.c.objc; name = "UIView+SafeScreenshot.m"; path = "Categories/UIView+SafeScreenshot.m"; sourceTree = "<group>"; };
		63E842F61807BAB300EE8F32 /* MenuItemDetailViewController.h */ = {isa = PBXFileReference; fileEncoding = 4; lastKnownFileType = sourcecode.c.h; name = MenuItemDetailViewController.h; path = ViewControllers/MenuItemDetailViewController.h; sourceTree = "<group>"; };
		63E842F71807BAB300EE8F32 /* MenuItemDetailViewController.m */ = {isa = PBXFileReference; fileEncoding = 4; lastKnownFileType = sourcecode.c.objc; name = MenuItemDetailViewController.m; path = ViewControllers/MenuItemDetailViewController.m; sourceTree = "<group>"; };
		63E842FC1807C4AF00EE8F32 /* DQNutritionView.h */ = {isa = PBXFileReference; fileEncoding = 4; lastKnownFileType = sourcecode.c.h; name = DQNutritionView.h; path = Views/DQNutritionView.h; sourceTree = "<group>"; };
		63E842FD1807C4AF00EE8F32 /* DQNutritionView.m */ = {isa = PBXFileReference; fileEncoding = 4; lastKnownFileType = sourcecode.c.objc; name = DQNutritionView.m; path = Views/DQNutritionView.m; sourceTree = "<group>"; };
		63E842FF180860CA00EE8F32 /* MealNutritionViewController.h */ = {isa = PBXFileReference; fileEncoding = 4; lastKnownFileType = sourcecode.c.h; name = MealNutritionViewController.h; path = ViewControllers/MealNutritionViewController.h; sourceTree = "<group>"; };
		63E84300180860CA00EE8F32 /* MealNutritionViewController.m */ = {isa = PBXFileReference; fileEncoding = 4; lastKnownFileType = sourcecode.c.objc; name = MealNutritionViewController.m; path = ViewControllers/MealNutritionViewController.m; sourceTree = "<group>"; };
/* End PBXFileReference section */

/* Begin PBXFrameworksBuildPhase section */
		639E150B1805E5E600835819 /* Frameworks */ = {
			isa = PBXFrameworksBuildPhase;
			buildActionMask = 2147483647;
			files = (
				63C6D72D1809A80E0012ABFF /* CoreLocation.framework in Frameworks */,
				63C6D728180921450012ABFF /* libMMeals.a in Frameworks */,
				639E15141805E5E600835819 /* CoreGraphics.framework in Frameworks */,
				639E15161805E5E600835819 /* UIKit.framework in Frameworks */,
				639E15121805E5E600835819 /* Foundation.framework in Frameworks */,
			);
			runOnlyForDeploymentPostprocessing = 0;
		};
		639E152C1805E5E600835819 /* Frameworks */ = {
			isa = PBXFrameworksBuildPhase;
			buildActionMask = 2147483647;
			files = (
				639E15311805E5E600835819 /* XCTest.framework in Frameworks */,
				639E15331805E5E600835819 /* UIKit.framework in Frameworks */,
				639E15321805E5E600835819 /* Foundation.framework in Frameworks */,
			);
			runOnlyForDeploymentPostprocessing = 0;
		};
/* End PBXFrameworksBuildPhase section */

/* Begin PBXGroup section */
		639E15051805E5E600835819 = {
			isa = PBXGroup;
			children = (
				63A2327F1808AF4C00353A6C /* MMeals.xcodeproj */,
				639E15171805E5E600835819 /* MNutrition */,
				639E15361805E5E600835819 /* MNutritionTests */,
				639E15101805E5E600835819 /* Frameworks */,
				639E150F1805E5E600835819 /* Products */,
			);
			sourceTree = "<group>";
		};
		639E150F1805E5E600835819 /* Products */ = {
			isa = PBXGroup;
			children = (
				639E150E1805E5E600835819 /* MNutrition.app */,
				639E152F1805E5E600835819 /* MNutritionTests.xctest */,
			);
			name = Products;
			sourceTree = "<group>";
		};
		639E15101805E5E600835819 /* Frameworks */ = {
			isa = PBXGroup;
			children = (
				63C6D72C1809A80E0012ABFF /* CoreLocation.framework */,
				639E15111805E5E600835819 /* Foundation.framework */,
				639E15131805E5E600835819 /* CoreGraphics.framework */,
				639E15151805E5E600835819 /* UIKit.framework */,
				639E15301805E5E600835819 /* XCTest.framework */,
			);
			name = Frameworks;
			sourceTree = "<group>";
		};
		639E15171805E5E600835819 /* MNutrition */ = {
			isa = PBXGroup;
			children = (
				63C6D735180A442D0012ABFF /* Protocols */,
				63C6D733180A43E90012ABFF /* Classes */,
				63A2327818089D9C00353A6C /* Categories */,
				63E842FB1807C49500EE8F32 /* Views */,
				639E15461805E7D700835819 /* ViewControllers */,
				639E15201805E5E600835819 /* AppDelegate.h */,
				639E15211805E5E600835819 /* AppDelegate.m */,
				639E15231805E5E600835819 /* Main.storyboard */,
				639E15291805E5E600835819 /* Images.xcassets */,
				639E15181805E5E600835819 /* Supporting Files */,
			);
			path = MNutrition;
			sourceTree = "<group>";
		};
		639E15181805E5E600835819 /* Supporting Files */ = {
			isa = PBXGroup;
			children = (
				639E15191805E5E600835819 /* MNutrition-Info.plist */,
				639E151A1805E5E600835819 /* InfoPlist.strings */,
				639E151D1805E5E600835819 /* main.m */,
				639E151F1805E5E600835819 /* MNutrition-Prefix.pch */,
			);
			name = "Supporting Files";
			sourceTree = "<group>";
		};
		639E15361805E5E600835819 /* MNutritionTests */ = {
			isa = PBXGroup;
			children = (
				639E153C1805E5E600835819 /* MNutritionTests.m */,
				639E15371805E5E600835819 /* Supporting Files */,
			);
			path = MNutritionTests;
			sourceTree = "<group>";
		};
		639E15371805E5E600835819 /* Supporting Files */ = {
			isa = PBXGroup;
			children = (
				639E15381805E5E600835819 /* MNutritionTests-Info.plist */,
				639E15391805E5E600835819 /* InfoPlist.strings */,
			);
			name = "Supporting Files";
			sourceTree = "<group>";
		};
		639E15461805E7D700835819 /* ViewControllers */ = {
			isa = PBXGroup;
			children = (
				639E15471805E95D00835819 /* DiningMenuViewController.h */,
				639E15481805E95D00835819 /* DiningMenuViewController.m */,
				632AD4861807172F005D01A3 /* OptionsViewController.h */,
				632AD4871807172F005D01A3 /* OptionsViewController.m */,
				63E842F61807BAB300EE8F32 /* MenuItemDetailViewController.h */,
				63E842F71807BAB300EE8F32 /* MenuItemDetailViewController.m */,
				63E842FF180860CA00EE8F32 /* MealNutritionViewController.h */,
				63E84300180860CA00EE8F32 /* MealNutritionViewController.m */,
			);
			name = ViewControllers;
			sourceTree = "<group>";
		};
		63A2327818089D9C00353A6C /* Categories */ = {
			isa = PBXGroup;
			children = (
				63A2327B18089DC800353A6C /* NSDate+Increment.h */,
				63A2327C18089DC800353A6C /* NSDate+Increment.m */,
				63C6D739180A59BA0012ABFF /* UIView+SafeScreenshot.h */,
				63C6D73A180A59BA0012ABFF /* UIView+SafeScreenshot.m */,
			);
			name = Categories;
			sourceTree = "<group>";
		};
		63A232801808AF4C00353A6C /* Products */ = {
			isa = PBXGroup;
			children = (
				63A232851808AF4C00353A6C /* libMMeals.a */,
				63A232871808AF4C00353A6C /* MMealsTests.xctest */,
			);
			name = Products;
			sourceTree = "<group>";
		};
		63C6D733180A43E90012ABFF /* Classes */ = {
			isa = PBXGroup;
			children = (
				63C6D736180A447E0012ABFF /* CompositeNutritionObject.h */,
				63C6D737180A447E0012ABFF /* CompositeNutritionObject.m */,
			);
			name = Classes;
			sourceTree = "<group>";
		};
		63C6D735180A442D0012ABFF /* Protocols */ = {
			isa = PBXGroup;
			children = (
				63C6D734180A44290012ABFF /* DQNutritionObject.h */,
			);
			name = Protocols;
			sourceTree = "<group>";
		};
		63E842FB1807C49500EE8F32 /* Views */ = {
			isa = PBXGroup;
			children = (
				63E842FC1807C4AF00EE8F32 /* DQNutritionView.h */,
				63E842FD1807C4AF00EE8F32 /* DQNutritionView.m */,
				63A23270180888E500353A6C /* DQNavigationBarLabel.h */,
				63A23271180888E500353A6C /* DQNavigationBarLabel.m */,
			);
			name = Views;
			sourceTree = "<group>";
		};
/* End PBXGroup section */

/* Begin PBXNativeTarget section */
		639E150D1805E5E600835819 /* MNutrition */ = {
			isa = PBXNativeTarget;
			buildConfigurationList = 639E15401805E5E600835819 /* Build configuration list for PBXNativeTarget "MNutrition" */;
			buildPhases = (
				639E150A1805E5E600835819 /* Sources */,
				639E150B1805E5E600835819 /* Frameworks */,
				639E150C1805E5E600835819 /* Resources */,
			);
			buildRules = (
			);
			dependencies = (
			);
			name = MNutrition;
			productName = MNutrition;
			productReference = 639E150E1805E5E600835819 /* MNutrition.app */;
			productType = "com.apple.product-type.application";
		};
		639E152E1805E5E600835819 /* MNutritionTests */ = {
			isa = PBXNativeTarget;
			buildConfigurationList = 639E15431805E5E600835819 /* Build configuration list for PBXNativeTarget "MNutritionTests" */;
			buildPhases = (
				639E152B1805E5E600835819 /* Sources */,
				639E152C1805E5E600835819 /* Frameworks */,
				639E152D1805E5E600835819 /* Resources */,
			);
			buildRules = (
			);
			dependencies = (
				639E15351805E5E600835819 /* PBXTargetDependency */,
			);
			name = MNutritionTests;
			productName = MNutritionTests;
			productReference = 639E152F1805E5E600835819 /* MNutritionTests.xctest */;
			productType = "com.apple.product-type.bundle.unit-test";
		};
/* End PBXNativeTarget section */

/* Begin PBXProject section */
		639E15061805E5E600835819 /* Project object */ = {
			isa = PBXProject;
			attributes = {
				LastUpgradeCheck = 0500;
				ORGANIZATIONNAME = "David Quesada";
				TargetAttributes = {
					639E150D1805E5E600835819 = {
						DevelopmentTeam = 3F8V289RVT;
					};
					639E152E1805E5E600835819 = {
						TestTargetID = 639E150D1805E5E600835819;
					};
				};
			};
			buildConfigurationList = 639E15091805E5E600835819 /* Build configuration list for PBXProject "MNutrition" */;
			compatibilityVersion = "Xcode 3.2";
			developmentRegion = English;
			hasScannedForEncodings = 0;
			knownRegions = (
				en,
				Base,
			);
			mainGroup = 639E15051805E5E600835819;
			productRefGroup = 639E150F1805E5E600835819 /* Products */;
			projectDirPath = "";
			projectReferences = (
				{
					ProductGroup = 63A232801808AF4C00353A6C /* Products */;
					ProjectRef = 63A2327F1808AF4C00353A6C /* MMeals.xcodeproj */;
				},
			);
			projectRoot = "";
			targets = (
				639E150D1805E5E600835819 /* MNutrition */,
				639E152E1805E5E600835819 /* MNutritionTests */,
			);
		};
/* End PBXProject section */

/* Begin PBXReferenceProxy section */
		63A232851808AF4C00353A6C /* libMMeals.a */ = {
			isa = PBXReferenceProxy;
			fileType = archive.ar;
			path = libMMeals.a;
			remoteRef = 63A232841808AF4C00353A6C /* PBXContainerItemProxy */;
			sourceTree = BUILT_PRODUCTS_DIR;
		};
		63A232871808AF4C00353A6C /* MMealsTests.xctest */ = {
			isa = PBXReferenceProxy;
			fileType = wrapper.cfbundle;
			path = MMealsTests.xctest;
			remoteRef = 63A232861808AF4C00353A6C /* PBXContainerItemProxy */;
			sourceTree = BUILT_PRODUCTS_DIR;
		};
/* End PBXReferenceProxy section */

/* Begin PBXResourcesBuildPhase section */
		639E150C1805E5E600835819 /* Resources */ = {
			isa = PBXResourcesBuildPhase;
			buildActionMask = 2147483647;
			files = (
				639E152A1805E5E600835819 /* Images.xcassets in Resources */,
				639E151C1805E5E600835819 /* InfoPlist.strings in Resources */,
				639E15251805E5E600835819 /* Main.storyboard in Resources */,
			);
			runOnlyForDeploymentPostprocessing = 0;
		};
		639E152D1805E5E600835819 /* Resources */ = {
			isa = PBXResourcesBuildPhase;
			buildActionMask = 2147483647;
			files = (
				639E153B1805E5E600835819 /* InfoPlist.strings in Resources */,
			);
			runOnlyForDeploymentPostprocessing = 0;
		};
/* End PBXResourcesBuildPhase section */

/* Begin PBXSourcesBuildPhase section */
		639E150A1805E5E600835819 /* Sources */ = {
			isa = PBXSourcesBuildPhase;
			buildActionMask = 2147483647;
			files = (
				639E15221805E5E600835819 /* AppDelegate.m in Sources */,
				63A2327D18089DC800353A6C /* NSDate+Increment.m in Sources */,
				63E842F81807BAB300EE8F32 /* MenuItemDetailViewController.m in Sources */,
				63E84301180860CA00EE8F32 /* MealNutritionViewController.m in Sources */,
				63A23272180888E500353A6C /* DQNavigationBarLabel.m in Sources */,
				63E842FE1807C4AF00EE8F32 /* DQNutritionView.m in Sources */,
				63C6D73B180A59BA0012ABFF /* UIView+SafeScreenshot.m in Sources */,
				632AD4881807172F005D01A3 /* OptionsViewController.m in Sources */,
				63C6D738180A447E0012ABFF /* CompositeNutritionObject.m in Sources */,
				639E15491805E95D00835819 /* DiningMenuViewController.m in Sources */,
				639E151E1805E5E600835819 /* main.m in Sources */,
			);
			runOnlyForDeploymentPostprocessing = 0;
		};
		639E152B1805E5E600835819 /* Sources */ = {
			isa = PBXSourcesBuildPhase;
			buildActionMask = 2147483647;
			files = (
				639E153D1805E5E600835819 /* MNutritionTests.m in Sources */,
			);
			runOnlyForDeploymentPostprocessing = 0;
		};
/* End PBXSourcesBuildPhase section */

/* Begin PBXTargetDependency section */
		639E15351805E5E600835819 /* PBXTargetDependency */ = {
			isa = PBXTargetDependency;
			target = 639E150D1805E5E600835819 /* MNutrition */;
			targetProxy = 639E15341805E5E600835819 /* PBXContainerItemProxy */;
		};
/* End PBXTargetDependency section */

/* Begin PBXVariantGroup section */
		639E151A1805E5E600835819 /* InfoPlist.strings */ = {
			isa = PBXVariantGroup;
			children = (
				639E151B1805E5E600835819 /* en */,
			);
			name = InfoPlist.strings;
			sourceTree = "<group>";
		};
		639E15231805E5E600835819 /* Main.storyboard */ = {
			isa = PBXVariantGroup;
			children = (
				639E15241805E5E600835819 /* Base */,
			);
			name = Main.storyboard;
			sourceTree = "<group>";
		};
		639E15391805E5E600835819 /* InfoPlist.strings */ = {
			isa = PBXVariantGroup;
			children = (
				639E153A1805E5E600835819 /* en */,
			);
			name = InfoPlist.strings;
			sourceTree = "<group>";
		};
/* End PBXVariantGroup section */

/* Begin XCBuildConfiguration section */
		639E153E1805E5E600835819 /* Debug */ = {
			isa = XCBuildConfiguration;
			buildSettings = {
				ALWAYS_SEARCH_USER_PATHS = NO;
				ARCHS = "$(ARCHS_STANDARD_INCLUDING_64_BIT)";
				CLANG_CXX_LANGUAGE_STANDARD = "gnu++0x";
				CLANG_CXX_LIBRARY = "libc++";
				CLANG_ENABLE_MODULES = YES;
				CLANG_ENABLE_OBJC_ARC = YES;
				CLANG_WARN_BOOL_CONVERSION = YES;
				CLANG_WARN_CONSTANT_CONVERSION = YES;
				CLANG_WARN_DIRECT_OBJC_ISA_USAGE = YES_ERROR;
				CLANG_WARN_EMPTY_BODY = YES;
				CLANG_WARN_ENUM_CONVERSION = YES;
				CLANG_WARN_INT_CONVERSION = YES;
				CLANG_WARN_OBJC_ROOT_CLASS = YES_ERROR;
				CLANG_WARN__DUPLICATE_METHOD_MATCH = YES;
				"CODE_SIGN_IDENTITY[sdk=iphoneos*]" = "iPhone Developer";
				COPY_PHASE_STRIP = NO;
				GCC_C_LANGUAGE_STANDARD = gnu99;
				GCC_DYNAMIC_NO_PIC = NO;
				GCC_OPTIMIZATION_LEVEL = 0;
				GCC_PREPROCESSOR_DEFINITIONS = (
					"DEBUG=1",
					"$(inherited)",
				);
				GCC_SYMBOLS_PRIVATE_EXTERN = NO;
				GCC_WARN_64_TO_32_BIT_CONVERSION = YES;
				GCC_WARN_ABOUT_RETURN_TYPE = YES_ERROR;
				GCC_WARN_UNDECLARED_SELECTOR = YES;
				GCC_WARN_UNINITIALIZED_AUTOS = YES;
				GCC_WARN_UNUSED_FUNCTION = YES;
				GCC_WARN_UNUSED_VARIABLE = YES;
				IPHONEOS_DEPLOYMENT_TARGET = 7.0;
				ONLY_ACTIVE_ARCH = YES;
				SDKROOT = iphoneos;
			};
			name = Debug;
		};
		639E153F1805E5E600835819 /* Release */ = {
			isa = XCBuildConfiguration;
			buildSettings = {
				ALWAYS_SEARCH_USER_PATHS = NO;
				ARCHS = "$(ARCHS_STANDARD_INCLUDING_64_BIT)";
				CLANG_CXX_LANGUAGE_STANDARD = "gnu++0x";
				CLANG_CXX_LIBRARY = "libc++";
				CLANG_ENABLE_MODULES = YES;
				CLANG_ENABLE_OBJC_ARC = YES;
				CLANG_WARN_BOOL_CONVERSION = YES;
				CLANG_WARN_CONSTANT_CONVERSION = YES;
				CLANG_WARN_DIRECT_OBJC_ISA_USAGE = YES_ERROR;
				CLANG_WARN_EMPTY_BODY = YES;
				CLANG_WARN_ENUM_CONVERSION = YES;
				CLANG_WARN_INT_CONVERSION = YES;
				CLANG_WARN_OBJC_ROOT_CLASS = YES_ERROR;
				CLANG_WARN__DUPLICATE_METHOD_MATCH = YES;
				"CODE_SIGN_IDENTITY[sdk=iphoneos*]" = "iPhone Developer";
				COPY_PHASE_STRIP = YES;
				ENABLE_NS_ASSERTIONS = NO;
				GCC_C_LANGUAGE_STANDARD = gnu99;
				GCC_WARN_64_TO_32_BIT_CONVERSION = YES;
				GCC_WARN_ABOUT_RETURN_TYPE = YES_ERROR;
				GCC_WARN_UNDECLARED_SELECTOR = YES;
				GCC_WARN_UNINITIALIZED_AUTOS = YES;
				GCC_WARN_UNUSED_FUNCTION = YES;
				GCC_WARN_UNUSED_VARIABLE = YES;
				IPHONEOS_DEPLOYMENT_TARGET = 7.0;
				SDKROOT = iphoneos;
				VALIDATE_PRODUCT = YES;
			};
			name = Release;
		};
		639E15411805E5E600835819 /* Debug */ = {
			isa = XCBuildConfiguration;
			buildSettings = {
				ARCHS = "$(ARCHS_STANDARD)";
				ASSETCATALOG_COMPILER_APPICON_NAME = AppIcon;
				ASSETCATALOG_COMPILER_LAUNCHIMAGE_NAME = LaunchImage;
				CODE_SIGN_IDENTITY = "iPhone Developer";
				"CODE_SIGN_IDENTITY[sdk=iphoneos*]" = "iPhone Developer";
				GCC_PRECOMPILE_PREFIX_HEADER = YES;
				GCC_PREFIX_HEADER = "MNutrition/MNutrition-Prefix.pch";
				INFOPLIST_FILE = "MNutrition/MNutrition-Info.plist";
				IPHONEOS_DEPLOYMENT_TARGET = 5.1;
				PRODUCT_NAME = "$(TARGET_NAME)";
				PROVISIONING_PROFILE = "";
				TARGETED_DEVICE_FAMILY = "1,2";
				USER_HEADER_SEARCH_PATHS = "$(SRCROOT)/MMeals/MMeals";
				VALID_ARCHS = "armv7 armv7s";
				WRAPPER_EXTENSION = app;
			};
			name = Debug;
		};
		639E15421805E5E600835819 /* Release */ = {
			isa = XCBuildConfiguration;
			buildSettings = {
				ARCHS = "$(ARCHS_STANDARD)";
				ASSETCATALOG_COMPILER_APPICON_NAME = AppIcon;
				ASSETCATALOG_COMPILER_LAUNCHIMAGE_NAME = LaunchImage;
				CODE_SIGN_IDENTITY = "iPhone Developer";
				"CODE_SIGN_IDENTITY[sdk=iphoneos*]" = "iPhone Developer";
				GCC_PRECOMPILE_PREFIX_HEADER = YES;
				GCC_PREFIX_HEADER = "MNutrition/MNutrition-Prefix.pch";
				INFOPLIST_FILE = "MNutrition/MNutrition-Info.plist";
				IPHONEOS_DEPLOYMENT_TARGET = 5.1;
				PRODUCT_NAME = "$(TARGET_NAME)";
				PROVISIONING_PROFILE = "";
				TARGETED_DEVICE_FAMILY = "1,2";
				USER_HEADER_SEARCH_PATHS = "$(SRCROOT)/MMeals/MMeals";
				VALID_ARCHS = "armv7 armv7s";
				WRAPPER_EXTENSION = app;
			};
			name = Release;
		};
		639E15441805E5E600835819 /* Debug */ = {
			isa = XCBuildConfiguration;
			buildSettings = {
				ARCHS = "$(ARCHS_STANDARD_INCLUDING_64_BIT)";
				BUNDLE_LOADER = "$(BUILT_PRODUCTS_DIR)/MNutrition.app/MNutrition";
				FRAMEWORK_SEARCH_PATHS = (
					"$(SDKROOT)/Developer/Library/Frameworks",
					"$(inherited)",
					"$(DEVELOPER_FRAMEWORKS_DIR)",
				);
				GCC_PRECOMPILE_PREFIX_HEADER = YES;
				GCC_PREFIX_HEADER = "MNutrition/MNutrition-Prefix.pch";
				GCC_PREPROCESSOR_DEFINITIONS = (
					"DEBUG=1",
					"$(inherited)",
				);
				INFOPLIST_FILE = "MNutritionTests/MNutritionTests-Info.plist";
				PRODUCT_NAME = "$(TARGET_NAME)";
				TEST_HOST = "$(BUNDLE_LOADER)";
				WRAPPER_EXTENSION = xctest;
			};
			name = Debug;
		};
		639E15451805E5E600835819 /* Release */ = {
			isa = XCBuildConfiguration;
			buildSettings = {
				ARCHS = "$(ARCHS_STANDARD_INCLUDING_64_BIT)";
				BUNDLE_LOADER = "$(BUILT_PRODUCTS_DIR)/MNutrition.app/MNutrition";
				FRAMEWORK_SEARCH_PATHS = (
					"$(SDKROOT)/Developer/Library/Frameworks",
					"$(inherited)",
					"$(DEVELOPER_FRAMEWORKS_DIR)",
				);
				GCC_PRECOMPILE_PREFIX_HEADER = YES;
				GCC_PREFIX_HEADER = "MNutrition/MNutrition-Prefix.pch";
				INFOPLIST_FILE = "MNutritionTests/MNutritionTests-Info.plist";
				PRODUCT_NAME = "$(TARGET_NAME)";
				TEST_HOST = "$(BUNDLE_LOADER)";
				WRAPPER_EXTENSION = xctest;
			};
			name = Release;
		};
/* End XCBuildConfiguration section */

/* Begin XCConfigurationList section */
		639E15091805E5E600835819 /* Build configuration list for PBXProject "MNutrition" */ = {
			isa = XCConfigurationList;
			buildConfigurations = (
				639E153E1805E5E600835819 /* Debug */,
				639E153F1805E5E600835819 /* Release */,
			);
			defaultConfigurationIsVisible = 0;
			defaultConfigurationName = Release;
		};
		639E15401805E5E600835819 /* Build configuration list for PBXNativeTarget "MNutrition" */ = {
			isa = XCConfigurationList;
			buildConfigurations = (
				639E15411805E5E600835819 /* Debug */,
				639E15421805E5E600835819 /* Release */,
			);
			defaultConfigurationIsVisible = 0;
			defaultConfigurationName = Release;
		};
		639E15431805E5E600835819 /* Build configuration list for PBXNativeTarget "MNutritionTests" */ = {
			isa = XCConfigurationList;
			buildConfigurations = (
				639E15441805E5E600835819 /* Debug */,
				639E15451805E5E600835819 /* Release */,
			);
			defaultConfigurationIsVisible = 0;
			defaultConfigurationName = Release;
		};
/* End XCConfigurationList section */
	};
	rootObject = 639E15061805E5E600835819 /* Project object */;
}
